
Microsoft Visual Studio Solution File, Format Version 12.00
# Visual Studio Version 17
VisualStudioVersion = 17.12.35527.113
MinimumVisualStudioVersion = 10.0.40219.1
Project("{2150E333-8FDC-42A3-9474-1A3956D46DE8}") = "Task0", "Task0", "{A9DB53E9-B6F8-45AD-A545-A618F10758C8}"
EndProject
Project("{FAE04EC0-301F-11D3-BF4B-00C04F79EFBC}") = "Tyuiu.KhakimovDKh.Sprint1.Task0.V2", "Tyuiu.KhakimovDKh.Sprint1.Task0.V2\Tyuiu.KhakimovDKh.Sprint1.Task0.V2.csproj", "{BD0DBDB4-6C25-4971-B9C4-6CDFFFA829CD}"
EndProject
Project("{FAE04EC0-301F-11D3-BF4B-00C04F79EFBC}") = "Tyuiu.KhakimovDKh.Sprint1.Task0.V2.Lib", "Tyuiu.KhakimovDKh.Sprint1.Task0.V2.Lib\Tyuiu.KhakimovDKh.Sprint1.Task0.V2.Lib.csproj", "{BADFAC9D-13C8-4E9C-A21D-80D3A1353780}"
EndProject
Project("{FAE04EC0-301F-11D3-BF4B-00C04F79EFBC}") = "Tyuiu.KhakimovDKh.Sprint1.Task0.V2.Test", "Tyuiu.KhakimovDKh.Sprint1.Task0.V2.Test\Tyuiu.KhakimovDKh.Sprint1.Task0.V2.Test.csproj", "{57A2155E-8717-466B-AFDE-1D6025099A3B}"
EndProject
Project("{2150E333-8FDC-42A3-9474-1A3956D46DE8}") = "Task1", "Task1", "{3FAEFA24-1229-4F47-B072-74C8EE090D73}"
EndProject
Project("{FAE04EC0-301F-11D3-BF4B-00C04F79EFBC}") = "Tyuiu.KhakimovDKh.Sprint1.Task1.V7", "Tyuiu.KhakimovDKh.Sprint1.Task1.V7\Tyuiu.KhakimovDKh.Sprint1.Task1.V7.csproj", "{16211871-B4BA-47FA-9C9B-4767AB00853E}"
EndProject
Project("{FAE04EC0-301F-11D3-BF4B-00C04F79EFBC}") = "Tyuiu.KhakimovDKh.Sprint1.Task1.V7.Test", "Tyuiu.KhakimovDKh.Sprint1.Task1.V7.Test\Tyuiu.KhakimovDKh.Sprint1.Task1.V7.Test.csproj", "{395709FC-C5C9-4FD1-9B23-BA3C43BE3E58}"
EndProject
Project("{FAE04EC0-301F-11D3-BF4B-00C04F79EFBC}") = "Tyuiu.KhakimovDKh.Sprint1.Task1.V7.Lib", "Tyuiu.KhakimovDKh.Sprint1.Task1.V7.Lib\Tyuiu.KhakimovDKh.Sprint1.Task1.V7.Lib.csproj", "{821650B5-953A-41CF-94FA-FBD5CA519DE9}"
EndProject
Project("{2150E333-8FDC-42A3-9474-1A3956D46DE8}") = "Task2", "Task2", "{0EF67D8A-CC6B-413E-BA15-54C2629AF087}"
EndProject
Project("{FAE04EC0-301F-11D3-BF4B-00C04F79EFBC}") = "Tyuiu.KhakimovDKh.Sprint1.Task2.V22", "Tyuiu.KhakimovDKh.Sprint1.Task2\Tyuiu.KhakimovDKh.Sprint1.Task2.V22.csproj", "{C1EDCC3D-82B8-4471-AEB3-CEB9E6AE3CE3}"
EndProject
Project("{FAE04EC0-301F-11D3-BF4B-00C04F79EFBC}") = "Tyuiu.KhakimovDKh.Sprint1.Task2.V22.Lib", "Tyuiu.KhakimovDKh.Sprint1.Task2.V22.Lib\Tyuiu.KhakimovDKh.Sprint1.Task2.V22.Lib.csproj", "{F6878967-6361-4BEF-B4F3-7078E0E8C9EC}"
EndProject
Project("{FAE04EC0-301F-11D3-BF4B-00C04F79EFBC}") = "Tyuiu.KhakimovDKh.Sprint1.Task2.V22.Test", "Tyuiu.KhakimovDKh.Sprint1.Task2.V22.Test\Tyuiu.KhakimovDKh.Sprint1.Task2.V22.Test.csproj", "{EF266888-B247-4DC2-BA32-01CEC9178083}"
EndProject
Project("{2150E333-8FDC-42A3-9474-1A3956D46DE8}") = "Task3", "Task3", "{6B20C6B0-2404-40CB-902F-1E87F34EE8ED}"
EndProject
Project("{FAE04EC0-301F-11D3-BF4B-00C04F79EFBC}") = "Tyuiu.KhakimovDKh.Sprint1.Task3.V16", "Tyuiu.KhakimovDKh.Sprint1.Task3.V16\Tyuiu.KhakimovDKh.Sprint1.Task3.V16.csproj", "{3143045F-76DE-401A-B828-7FFFC5D47CD7}"
EndProject
Project("{FAE04EC0-301F-11D3-BF4B-00C04F79EFBC}") = "Tyuiu.KhakimovDKh.Sprint1.Task3.V16.Lib", "Tyuiu.KhakimovDKh.Sprint1.Task3.V16.Lib\Tyuiu.KhakimovDKh.Sprint1.Task3.V16.Lib.csproj", "{2AD2D2E7-BF0D-46D4-943A-37A58957FD39}"
EndProject
Project("{FAE04EC0-301F-11D3-BF4B-00C04F79EFBC}") = "Tyuiu.KhakimovDKh.Sprint1.Task3.V16.Test", "Tyuiu.KhakimovDKh.Sprint1.Task3.V16.Test\Tyuiu.KhakimovDKh.Sprint1.Task3.V16.Test.csproj", "{B4F79923-25B2-424B-841D-F1BBAF4916EF}"
EndProject
Project("{2150E333-8FDC-42A3-9474-1A3956D46DE8}") = "Task4", "Task4", "{97F9A697-6ED3-426E-B9BD-564349E8B920}"
EndProject
Project("{FAE04EC0-301F-11D3-BF4B-00C04F79EFBC}") = "Tyuiu.KhakimovDKh.Sprint1.Task4.V20", "Tyuiu.KhakimovDKh.Sprint1.Task4.V20\Tyuiu.KhakimovDKh.Sprint1.Task4.V20.csproj", "{B0594E5C-B3C1-4BEB-B7C3-5C2E6CEE1A15}"
EndProject
Project("{FAE04EC0-301F-11D3-BF4B-00C04F79EFBC}") = "Tyuiu.KhakimovDKh.Sprint1.Task4.V20.Lib", "Tyuiu.KhakimovDKh.Sprint1.Task4.V20.Lib\Tyuiu.KhakimovDKh.Sprint1.Task4.V20.Lib.csproj", "{B30D403D-B96B-43F7-A9AB-CCAB80F15834}"
EndProject
Project("{FAE04EC0-301F-11D3-BF4B-00C04F79EFBC}") = "Tyuiu.KhakimovDKh.Sprint1.Task4.V20.Test", "Tyuiu.KhakimovDKh.Sprint1.Task4.V20.Test\Tyuiu.KhakimovDKh.Sprint1.Task4.V20.Test.csproj", "{D00121FE-7AD5-4ECC-81C5-51BA98B8D0A8}"
EndProject
Project("{2150E333-8FDC-42A3-9474-1A3956D46DE8}") = "Task5", "Task5", "{071B21B0-EF1A-4442-B2D0-F5209935D04F}"
EndProject
Project("{FAE04EC0-301F-11D3-BF4B-00C04F79EFBC}") = "Tyuiu.KhakimovDKh.Sprint1.Task5.V6", "Tyuiu.KhakimovDKh.Sprint1.Task5.V6\Tyuiu.KhakimovDKh.Sprint1.Task5.V6.csproj", "{8E76844C-FDA9-4055-80F5-D9DD834E1937}"
EndProject
Project("{FAE04EC0-301F-11D3-BF4B-00C04F79EFBC}") = "Tyuiu.KhakimovDKh.Sprint1.Task5.V6.Lib", "Tyuiu.KhakimovDKh.Sprint1.Task5.V6.Lib\Tyuiu.KhakimovDKh.Sprint1.Task5.V6.Lib.csproj", "{F34C9BA3-3822-4F8E-A776-A8723F3F0068}"
EndProject
Project("{FAE04EC0-301F-11D3-BF4B-00C04F79EFBC}") = "Tyuiu.KhakimovDKh.Sprint1.Task5.V6.Test", "Tyuiu.KhakimovDKh.Sprint1.Task5.V6.Test\Tyuiu.KhakimovDKh.Sprint1.Task5.V6.Test.csproj", "{F48A665E-5078-46AC-A10A-829B536B726F}"
EndProject
Project("{2150E333-8FDC-42A3-9474-1A3956D46DE8}") = "Task6", "Task6", "{125DE280-549E-4581-A64B-E5018935A405}"
EndProject
Project("{FAE04EC0-301F-11D3-BF4B-00C04F79EFBC}") = "Tyuiu.KhakimovDKh.Sprint1.Task6.V13", "Tyuiu.KhakimovDKh.Sprint1.Task6.V13\Tyuiu.KhakimovDKh.Sprint1.Task6.V13.csproj", "{3F9D7222-0CE6-426A-A226-25FC3F4C3B82}"
EndProject
Project("{FAE04EC0-301F-11D3-BF4B-00C04F79EFBC}") = "Tyuiu.KhakimovDKh.Sprint1.Task6.V13.Lib", "Tyuiu.KhakimovDKh.Sprint1.Task6.V13.Lib\Tyuiu.KhakimovDKh.Sprint1.Task6.V13.Lib.csproj", "{BD26E145-7CA7-4AF5-9E11-0BF1BC5BCB45}"
EndProject
Project("{FAE04EC0-301F-11D3-BF4B-00C04F79EFBC}") = "Tyuiu.KhakimovDKh.Sprint1.Task6.V13.Test", "Tyuiu.KhakimovDKh.Sprint1.Task6.V13.Test\Tyuiu.KhakimovDKh.Sprint1.Task6.V13.Test.csproj", "{8D9DE2BA-6CE7-481C-89BA-EDD6418390E7}"
EndProject
Project("{2150E333-8FDC-42A3-9474-1A3956D46DE8}") = "Task7", "Task7", "{D575EF22-CC9F-4B87-ADC9-0E59D0198385}"
EndProject
Project("{FAE04EC0-301F-11D3-BF4B-00C04F79EFBC}") = "Tyuiu.KhakimovDKh.Sprint1.Task7.V25", "Tyuiu.KhakimovDKh.Sprint1.Task7.V25\Tyuiu.KhakimovDKh.Sprint1.Task7.V25.csproj", "{EC184E9E-823E-4070-B480-6774A89C4F65}"
EndProject
Project("{FAE04EC0-301F-11D3-BF4B-00C04F79EFBC}") = "Tyuiu.KhakimovDKh.Sprint1.Task7.V25.Lib", "Tyuiu.KhakimovDKh.Sprint1.Task7.V25.Lib\Tyuiu.KhakimovDKh.Sprint1.Task7.V25.Lib.csproj", "{0E229B6C-BDEC-42A4-A81D-002AC8F1DEB5}"
EndProject
Project("{FAE04EC0-301F-11D3-BF4B-00C04F79EFBC}") = "Tyuiu.KhakimovDKh.Sprint1.Task7.V25.Test", "Tyuiu.KhakimovDKh.Sprint1.Task7.V25.Test\Tyuiu.KhakimovDKh.Sprint1.Task7.V25.Test.csproj", "{A0F895C4-D74F-49D6-8D90-60C544155B25}"
EndProject
Global
	GlobalSection(SolutionConfigurationPlatforms) = preSolution
		Debug|Any CPU = Debug|Any CPU
		Release|Any CPU = Release|Any CPU
	EndGlobalSection
	GlobalSection(ProjectConfigurationPlatforms) = postSolution
		{BD0DBDB4-6C25-4971-B9C4-6CDFFFA829CD}.Debug|Any CPU.ActiveCfg = Debug|Any CPU
		{BD0DBDB4-6C25-4971-B9C4-6CDFFFA829CD}.Debug|Any CPU.Build.0 = Debug|Any CPU
		{BD0DBDB4-6C25-4971-B9C4-6CDFFFA829CD}.Release|Any CPU.ActiveCfg = Release|Any CPU
		{BD0DBDB4-6C25-4971-B9C4-6CDFFFA829CD}.Release|Any CPU.Build.0 = Release|Any CPU
		{BADFAC9D-13C8-4E9C-A21D-80D3A1353780}.Debug|Any CPU.ActiveCfg = Debug|Any CPU
		{BADFAC9D-13C8-4E9C-A21D-80D3A1353780}.Debug|Any CPU.Build.0 = Debug|Any CPU
		{BADFAC9D-13C8-4E9C-A21D-80D3A1353780}.Release|Any CPU.ActiveCfg = Release|Any CPU
		{BADFAC9D-13C8-4E9C-A21D-80D3A1353780}.Release|Any CPU.Build.0 = Release|Any CPU
		{57A2155E-8717-466B-AFDE-1D6025099A3B}.Debug|Any CPU.ActiveCfg = Debug|Any CPU
		{57A2155E-8717-466B-AFDE-1D6025099A3B}.Debug|Any CPU.Build.0 = Debug|Any CPU
		{57A2155E-8717-466B-AFDE-1D6025099A3B}.Release|Any CPU.ActiveCfg = Release|Any CPU
		{57A2155E-8717-466B-AFDE-1D6025099A3B}.Release|Any CPU.Build.0 = Release|Any CPU
		{16211871-B4BA-47FA-9C9B-4767AB00853E}.Debug|Any CPU.ActiveCfg = Debug|Any CPU
		{16211871-B4BA-47FA-9C9B-4767AB00853E}.Debug|Any CPU.Build.0 = Debug|Any CPU
		{16211871-B4BA-47FA-9C9B-4767AB00853E}.Release|Any CPU.ActiveCfg = Release|Any CPU
		{16211871-B4BA-47FA-9C9B-4767AB00853E}.Release|Any CPU.Build.0 = Release|Any CPU
		{395709FC-C5C9-4FD1-9B23-BA3C43BE3E58}.Debug|Any CPU.ActiveCfg = Debug|Any CPU
		{395709FC-C5C9-4FD1-9B23-BA3C43BE3E58}.Debug|Any CPU.Build.0 = Debug|Any CPU
		{395709FC-C5C9-4FD1-9B23-BA3C43BE3E58}.Release|Any CPU.ActiveCfg = Release|Any CPU
		{395709FC-C5C9-4FD1-9B23-BA3C43BE3E58}.Release|Any CPU.Build.0 = Release|Any CPU
		{821650B5-953A-41CF-94FA-FBD5CA519DE9}.Debug|Any CPU.ActiveCfg = Debug|Any CPU
		{821650B5-953A-41CF-94FA-FBD5CA519DE9}.Debug|Any CPU.Build.0 = Debug|Any CPU
		{821650B5-953A-41CF-94FA-FBD5CA519DE9}.Release|Any CPU.ActiveCfg = Release|Any CPU
		{821650B5-953A-41CF-94FA-FBD5CA519DE9}.Release|Any CPU.Build.0 = Release|Any CPU
		{C1EDCC3D-82B8-4471-AEB3-CEB9E6AE3CE3}.Debug|Any CPU.ActiveCfg = Debug|Any CPU
		{C1EDCC3D-82B8-4471-AEB3-CEB9E6AE3CE3}.Debug|Any CPU.Build.0 = Debug|Any CPU
		{C1EDCC3D-82B8-4471-AEB3-CEB9E6AE3CE3}.Release|Any CPU.ActiveCfg = Release|Any CPU
		{C1EDCC3D-82B8-4471-AEB3-CEB9E6AE3CE3}.Release|Any CPU.Build.0 = Release|Any CPU
		{F6878967-6361-4BEF-B4F3-7078E0E8C9EC}.Debug|Any CPU.ActiveCfg = Debug|Any CPU
		{F6878967-6361-4BEF-B4F3-7078E0E8C9EC}.Debug|Any CPU.Build.0 = Debug|Any CPU
		{F6878967-6361-4BEF-B4F3-7078E0E8C9EC}.Release|Any CPU.ActiveCfg = Release|Any CPU
		{F6878967-6361-4BEF-B4F3-7078E0E8C9EC}.Release|Any CPU.Build.0 = Release|Any CPU
		{EF266888-B247-4DC2-BA32-01CEC9178083}.Debug|Any CPU.ActiveCfg = Debug|Any CPU
		{EF266888-B247-4DC2-BA32-01CEC9178083}.Debug|Any CPU.Build.0 = Debug|Any CPU
		{EF266888-B247-4DC2-BA32-01CEC9178083}.Release|Any CPU.ActiveCfg = Release|Any CPU
		{EF266888-B247-4DC2-BA32-01CEC9178083}.Release|Any CPU.Build.0 = Release|Any CPU
		{3143045F-76DE-401A-B828-7FFFC5D47CD7}.Debug|Any CPU.ActiveCfg = Debug|Any CPU
		{3143045F-76DE-401A-B828-7FFFC5D47CD7}.Debug|Any CPU.Build.0 = Debug|Any CPU
		{3143045F-76DE-401A-B828-7FFFC5D47CD7}.Release|Any CPU.ActiveCfg = Release|Any CPU
		{3143045F-76DE-401A-B828-7FFFC5D47CD7}.Release|Any CPU.Build.0 = Release|Any CPU
		{2AD2D2E7-BF0D-46D4-943A-37A58957FD39}.Debug|Any CPU.ActiveCfg = Debug|Any CPU
		{2AD2D2E7-BF0D-46D4-943A-37A58957FD39}.Debug|Any CPU.Build.0 = Debug|Any CPU
		{2AD2D2E7-BF0D-46D4-943A-37A58957FD39}.Release|Any CPU.ActiveCfg = Release|Any CPU
		{2AD2D2E7-BF0D-46D4-943A-37A58957FD39}.Release|Any CPU.Build.0 = Release|Any CPU
		{B4F79923-25B2-424B-841D-F1BBAF4916EF}.Debug|Any CPU.ActiveCfg = Debug|Any CPU
		{B4F79923-25B2-424B-841D-F1BBAF4916EF}.Debug|Any CPU.Build.0 = Debug|Any CPU
		{B4F79923-25B2-424B-841D-F1BBAF4916EF}.Release|Any CPU.ActiveCfg = Release|Any CPU
		{B4F79923-25B2-424B-841D-F1BBAF4916EF}.Release|Any CPU.Build.0 = Release|Any CPU
		{B0594E5C-B3C1-4BEB-B7C3-5C2E6CEE1A15}.Debug|Any CPU.ActiveCfg = Debug|Any CPU
		{B0594E5C-B3C1-4BEB-B7C3-5C2E6CEE1A15}.Debug|Any CPU.Build.0 = Debug|Any CPU
		{B0594E5C-B3C1-4BEB-B7C3-5C2E6CEE1A15}.Release|Any CPU.ActiveCfg = Release|Any CPU
		{B0594E5C-B3C1-4BEB-B7C3-5C2E6CEE1A15}.Release|Any CPU.Build.0 = Release|Any CPU
		{B30D403D-B96B-43F7-A9AB-CCAB80F15834}.Debug|Any CPU.ActiveCfg = Debug|Any CPU
		{B30D403D-B96B-43F7-A9AB-CCAB80F15834}.Debug|Any CPU.Build.0 = Debug|Any CPU
		{B30D403D-B96B-43F7-A9AB-CCAB80F15834}.Release|Any CPU.ActiveCfg = Release|Any CPU
		{B30D403D-B96B-43F7-A9AB-CCAB80F15834}.Release|Any CPU.Build.0 = Release|Any CPU
		{D00121FE-7AD5-4ECC-81C5-51BA98B8D0A8}.Debug|Any CPU.ActiveCfg = Debug|Any CPU
		{D00121FE-7AD5-4ECC-81C5-51BA98B8D0A8}.Debug|Any CPU.Build.0 = Debug|Any CPU
		{D00121FE-7AD5-4ECC-81C5-51BA98B8D0A8}.Release|Any CPU.ActiveCfg = Release|Any CPU
		{D00121FE-7AD5-4ECC-81C5-51BA98B8D0A8}.Release|Any CPU.Build.0 = Release|Any CPU
		{8E76844C-FDA9-4055-80F5-D9DD834E1937}.Debug|Any CPU.ActiveCfg = Debug|Any CPU
		{8E76844C-FDA9-4055-80F5-D9DD834E1937}.Debug|Any CPU.Build.0 = Debug|Any CPU
		{8E76844C-FDA9-4055-80F5-D9DD834E1937}.Release|Any CPU.ActiveCfg = Release|Any CPU
		{8E76844C-FDA9-4055-80F5-D9DD834E1937}.Release|Any CPU.Build.0 = Release|Any CPU
		{F34C9BA3-3822-4F8E-A776-A8723F3F0068}.Debug|Any CPU.ActiveCfg = Debug|Any CPU
		{F34C9BA3-3822-4F8E-A776-A8723F3F0068}.Debug|Any CPU.Build.0 = Debug|Any CPU
		{F34C9BA3-3822-4F8E-A776-A8723F3F0068}.Release|Any CPU.ActiveCfg = Release|Any CPU
		{F34C9BA3-3822-4F8E-A776-A8723F3F0068}.Release|Any CPU.Build.0 = Release|Any CPU
		{F48A665E-5078-46AC-A10A-829B536B726F}.Debug|Any CPU.ActiveCfg = Debug|Any CPU
		{F48A665E-5078-46AC-A10A-829B536B726F}.Debug|Any CPU.Build.0 = Debug|Any CPU
		{F48A665E-5078-46AC-A10A-829B536B726F}.Release|Any CPU.ActiveCfg = Release|Any CPU
		{F48A665E-5078-46AC-A10A-829B536B726F}.Release|Any CPU.Build.0 = Release|Any CPU
		{3F9D7222-0CE6-426A-A226-25FC3F4C3B82}.Debug|Any CPU.ActiveCfg = Debug|Any CPU
		{3F9D7222-0CE6-426A-A226-25FC3F4C3B82}.Debug|Any CPU.Build.0 = Debug|Any CPU
		{3F9D7222-0CE6-426A-A226-25FC3F4C3B82}.Release|Any CPU.ActiveCfg = Release|Any CPU
		{3F9D7222-0CE6-426A-A226-25FC3F4C3B82}.Release|Any CPU.Build.0 = Release|Any CPU
		{BD26E145-7CA7-4AF5-9E11-0BF1BC5BCB45}.Debug|Any CPU.ActiveCfg = Debug|Any CPU
		{BD26E145-7CA7-4AF5-9E11-0BF1BC5BCB45}.Debug|Any CPU.Build.0 = Debug|Any CPU
		{BD26E145-7CA7-4AF5-9E11-0BF1BC5BCB45}.Release|Any CPU.ActiveCfg = Release|Any CPU
		{BD26E145-7CA7-4AF5-9E11-0BF1BC5BCB45}.Release|Any CPU.Build.0 = Release|Any CPU
		{8D9DE2BA-6CE7-481C-89BA-EDD6418390E7}.Debug|Any CPU.ActiveCfg = Debug|Any CPU
		{8D9DE2BA-6CE7-481C-89BA-EDD6418390E7}.Debug|Any CPU.Build.0 = Debug|Any CPU
		{8D9DE2BA-6CE7-481C-89BA-EDD6418390E7}.Release|Any CPU.ActiveCfg = Release|Any CPU
		{8D9DE2BA-6CE7-481C-89BA-EDD6418390E7}.Release|Any CPU.Build.0 = Release|Any CPU
		{EC184E9E-823E-4070-B480-6774A89C4F65}.Debug|Any CPU.ActiveCfg = Debug|Any CPU
		{EC184E9E-823E-4070-B480-6774A89C4F65}.Debug|Any CPU.Build.0 = Debug|Any CPU
		{EC184E9E-823E-4070-B480-6774A89C4F65}.Release|Any CPU.ActiveCfg = Release|Any CPU
		{EC184E9E-823E-4070-B480-6774A89C4F65}.Release|Any CPU.Build.0 = Release|Any CPU
		{0E229B6C-BDEC-42A4-A81D-002AC8F1DEB5}.Debug|Any CPU.ActiveCfg = Debug|Any CPU
		{0E229B6C-BDEC-42A4-A81D-002AC8F1DEB5}.Debug|Any CPU.Build.0 = Debug|Any CPU
		{0E229B6C-BDEC-42A4-A81D-002AC8F1DEB5}.Release|Any CPU.ActiveCfg = Release|Any CPU
		{0E229B6C-BDEC-42A4-A81D-002AC8F1DEB5}.Release|Any CPU.Build.0 = Release|Any CPU
		{A0F895C4-D74F-49D6-8D90-60C544155B25}.Debug|Any CPU.ActiveCfg = Debug|Any CPU
		{A0F895C4-D74F-49D6-8D90-60C544155B25}.Debug|Any CPU.Build.0 = Debug|Any CPU
		{A0F895C4-D74F-49D6-8D90-60C544155B25}.Release|Any CPU.ActiveCfg = Release|Any CPU
		{A0F895C4-D74F-49D6-8D90-60C544155B25}.Release|Any CPU.Build.0 = Release|Any CPU
	EndGlobalSection
	GlobalSection(SolutionProperties) = preSolution
		HideSolutionNode = FALSE
	EndGlobalSection
	GlobalSection(NestedProjects) = preSolution
		{BD0DBDB4-6C25-4971-B9C4-6CDFFFA829CD} = {A9DB53E9-B6F8-45AD-A545-A618F10758C8}
		{BADFAC9D-13C8-4E9C-A21D-80D3A1353780} = {A9DB53E9-B6F8-45AD-A545-A618F10758C8}
		{57A2155E-8717-466B-AFDE-1D6025099A3B} = {A9DB53E9-B6F8-45AD-A545-A618F10758C8}
		{16211871-B4BA-47FA-9C9B-4767AB00853E} = {3FAEFA24-1229-4F47-B072-74C8EE090D73}
		{395709FC-C5C9-4FD1-9B23-BA3C43BE3E58} = {3FAEFA24-1229-4F47-B072-74C8EE090D73}
		{821650B5-953A-41CF-94FA-FBD5CA519DE9} = {3FAEFA24-1229-4F47-B072-74C8EE090D73}
		{C1EDCC3D-82B8-4471-AEB3-CEB9E6AE3CE3} = {0EF67D8A-CC6B-413E-BA15-54C2629AF087}
		{F6878967-6361-4BEF-B4F3-7078E0E8C9EC} = {0EF67D8A-CC6B-413E-BA15-54C2629AF087}
		{EF266888-B247-4DC2-BA32-01CEC9178083} = {0EF67D8A-CC6B-413E-BA15-54C2629AF087}
		{3143045F-76DE-401A-B828-7FFFC5D47CD7} = {6B20C6B0-2404-40CB-902F-1E87F34EE8ED}
		{2AD2D2E7-BF0D-46D4-943A-37A58957FD39} = {6B20C6B0-2404-40CB-902F-1E87F34EE8ED}
		{B4F79923-25B2-424B-841D-F1BBAF4916EF} = {6B20C6B0-2404-40CB-902F-1E87F34EE8ED}
		{B0594E5C-B3C1-4BEB-B7C3-5C2E6CEE1A15} = {97F9A697-6ED3-426E-B9BD-564349E8B920}
		{B30D403D-B96B-43F7-A9AB-CCAB80F15834} = {97F9A697-6ED3-426E-B9BD-564349E8B920}
		{D00121FE-7AD5-4ECC-81C5-51BA98B8D0A8} = {97F9A697-6ED3-426E-B9BD-564349E8B920}
		{8E76844C-FDA9-4055-80F5-D9DD834E1937} = {071B21B0-EF1A-4442-B2D0-F5209935D04F}
		{F34C9BA3-3822-4F8E-A776-A8723F3F0068} = {071B21B0-EF1A-4442-B2D0-F5209935D04F}
		{F48A665E-5078-46AC-A10A-829B536B726F} = {071B21B0-EF1A-4442-B2D0-F5209935D04F}
		{3F9D7222-0CE6-426A-A226-25FC3F4C3B82} = {125DE280-549E-4581-A64B-E5018935A405}
		{BD26E145-7CA7-4AF5-9E11-0BF1BC5BCB45} = {125DE280-549E-4581-A64B-E5018935A405}
		{8D9DE2BA-6CE7-481C-89BA-EDD6418390E7} = {125DE280-549E-4581-A64B-E5018935A405}
		{EC184E9E-823E-4070-B480-6774A89C4F65} = {D575EF22-CC9F-4B87-ADC9-0E59D0198385}
		{0E229B6C-BDEC-42A4-A81D-002AC8F1DEB5} = {D575EF22-CC9F-4B87-ADC9-0E59D0198385}
		{A0F895C4-D74F-49D6-8D90-60C544155B25} = {D575EF22-CC9F-4B87-ADC9-0E59D0198385}
	EndGlobalSection
EndGlobal
